{
  "originHash" : "7b7494b59364e2ed6b68391c4156714f401fbc878f5678976eb51f0998ff2e6c",
  "pins" : [
    {
      "identity" : "pendo-mobile-ios",
      "kind" : "remoteSourceControl",
      "location" : "https://github.com/pendo-io/pendo-mobile-ios.git",
      "state" : {
        "revision" : "c7f60643e11dff1fa7968718709fe56bec27b732",
        "version" : "2.22.6"
      }
    },
    {
      "identity" : "taanalytics",
      "kind" : "remoteSourceControl",
      "location" : "git@github.com:TechArtists/TAAnalytics.git",
      "state" : {
        "revision" : "1409bc6ea7ae77cd82b949ae569e9c4b25fcfb7d",
        "version" : "0.9.6"
      }
    }
  ],
  "version" : 3
}
